{
    "_readme": [
        "This file locks the dependencies of your project to a known state.",
        "Run composer install to restore the dependencies.",
        "This file is auto-generated by Composer."
    ],
    "content-hash": "placeholder",
    "packages": [],
    "packages-dev": [],
    "aliases": [],
    "minimum-stability": "stable",
    "stability-flags": [],
    "prefer-stable": true,
    "prefer-lowest": false,
    "platform": {
        "php": "^8.2"
    },
    "platform-dev": [],
    "plugin-api-version": "2.6.0"
}
